
Microsoft Visual Studio Solution File, Format Version 12.00
# Visual Studio Version 17
VisualStudioVersion = 17.11.35312.102
MinimumVisualStudioVersion = 10.0.40219.1
Project("{9A19103F-16F7-4668-BE54-9A1E7A4F7556}") = "HangfirePlayground", "HangfirePlayground.csproj", "{3AC59A00-5844-4622-BE9F-D8C8D84D1B6C}"
EndProject
Project("{FAE04EC0-301F-11D3-BF4B-00C04F79EFBC}") = "HangfirePlayground-client", "..\HangfirePlayground-client\HangfirePlayground-client.csproj", "{F7B748C2-F6C1-49E6-9763-B35BED8AB41A}"
EndProject
Project("{FAE04EC0-301F-11D3-BF4B-00C04F79EFBC}") = "HangfirePlayground-server", "..\HangfirePlayground-server\HangfirePlayground-server.csproj", "{FD630FD3-6D86-4F06-B553-857732727549}"
EndProject
Global
	GlobalSection(SolutionConfigurationPlatforms) = preSolution
		Debug|Any CPU = Debug|Any CPU
		Release|Any CPU = Release|Any CPU
	EndGlobalSection
	GlobalSection(ProjectConfigurationPlatforms) = postSolution
		{3AC59A00-5844-4622-BE9F-D8C8D84D1B6C}.Debug|Any CPU.ActiveCfg = Debug|Any CPU
		{3AC59A00-5844-4622-BE9F-D8C8D84D1B6C}.Debug|Any CPU.Build.0 = Debug|Any CPU
		{3AC59A00-5844-4622-BE9F-D8C8D84D1B6C}.Release|Any CPU.ActiveCfg = Release|Any CPU
		{3AC59A00-5844-4622-BE9F-D8C8D84D1B6C}.Release|Any CPU.Build.0 = Release|Any CPU
		{F7B748C2-F6C1-49E6-9763-B35BED8AB41A}.Debug|Any CPU.ActiveCfg = Debug|Any CPU
		{F7B748C2-F6C1-49E6-9763-B35BED8AB41A}.Debug|Any CPU.Build.0 = Debug|Any CPU
		{F7B748C2-F6C1-49E6-9763-B35BED8AB41A}.Release|Any CPU.ActiveCfg = Release|Any CPU
		{F7B748C2-F6C1-49E6-9763-B35BED8AB41A}.Release|Any CPU.Build.0 = Release|Any CPU
		{FD630FD3-6D86-4F06-B553-857732727549}.Debug|Any CPU.ActiveCfg = Debug|Any CPU
		{FD630FD3-6D86-4F06-B553-857732727549}.Debug|Any CPU.Build.0 = Debug|Any CPU
		{FD630FD3-6D86-4F06-B553-857732727549}.Release|Any CPU.ActiveCfg = Release|Any CPU
		{FD630FD3-6D86-4F06-B553-857732727549}.Release|Any CPU.Build.0 = Release|Any CPU
	EndGlobalSection
	GlobalSection(SolutionProperties) = preSolution
		HideSolutionNode = FALSE
	EndGlobalSection
	GlobalSection(ExtensibilityGlobals) = postSolution
		SolutionGuid = {F6DDC4EB-187D-4C3D-8EDE-C64BC9AE9219}
	EndGlobalSection
EndGlobal
